// !$*UTF8*$!
{
	archiveVersion = 1;
	classes = {
	};
	objectVersion = 50;
	objects = {

/* Begin PBXBuildFile section */
		BD809EB124EB0D9D0024A964 /* LoadingViewController.swift in Sources */ = {isa = PBXBuildFile; fileRef = BD809EB024EB0D9D0024A964 /* LoadingViewController.swift */; };
		BD809EB524EB0DDA0024A964 /* UIColor+Extension.swift in Sources */ = {isa = PBXBuildFile; fileRef = BD809EB424EB0DDA0024A964 /* UIColor+Extension.swift */; };
		BD809EB724EB0E440024A964 /* UIFont+Extension.swift in Sources */ = {isa = PBXBuildFile; fileRef = BD809EB624EB0E440024A964 /* UIFont+Extension.swift */; };
		BD809EB924EB0ECF0024A964 /* UIViewController+Extension.swift in Sources */ = {isa = PBXBuildFile; fileRef = BD809EB824EB0ECF0024A964 /* UIViewController+Extension.swift */; };
		BD809EBC24EB17760024A964 /* AchievementCell.swift in Sources */ = {isa = PBXBuildFile; fileRef = BD809EBB24EB17760024A964 /* AchievementCell.swift */; };
		BD809EBE24EB1AA60024A964 /* AchievementHeader.swift in Sources */ = {isa = PBXBuildFile; fileRef = BD809EBD24EB1AA60024A964 /* AchievementHeader.swift */; };
		BD809EC024EB2EDE0024A964 /* Int+Extension.swift in Sources */ = {isa = PBXBuildFile; fileRef = BD809EBF24EB2EDE0024A964 /* Int+Extension.swift */; };
		BDF72B5824EB05BB00250360 /* AppDelegate.swift in Sources */ = {isa = PBXBuildFile; fileRef = BDF72B5724EB05BB00250360 /* AppDelegate.swift */; };
		BDF72B5A24EB05BB00250360 /* SceneDelegate.swift in Sources */ = {isa = PBXBuildFile; fileRef = BDF72B5924EB05BB00250360 /* SceneDelegate.swift */; };
		BDF72B5C24EB05BB00250360 /* AchievementsViewController.swift in Sources */ = {isa = PBXBuildFile; fileRef = BDF72B5B24EB05BB00250360 /* AchievementsViewController.swift */; };
		BDF72B5F24EB05BB00250360 /* Main.storyboard in Resources */ = {isa = PBXBuildFile; fileRef = BDF72B5D24EB05BB00250360 /* Main.storyboard */; };
		BDF72B6124EB05BC00250360 /* Assets.xcassets in Resources */ = {isa = PBXBuildFile; fileRef = BDF72B6024EB05BC00250360 /* Assets.xcassets */; };
		BDF72B6424EB05BC00250360 /* LaunchScreen.storyboard in Resources */ = {isa = PBXBuildFile; fileRef = BDF72B6224EB05BC00250360 /* LaunchScreen.storyboard */; };
		BDF72B7124EB07B300250360 /* AchievementType.swift in Sources */ = {isa = PBXBuildFile; fileRef = BDF72B7024EB07B300250360 /* AchievementType.swift */; };
		BDF72B7324EB08BE00250360 /* Achievement.swift in Sources */ = {isa = PBXBuildFile; fileRef = BDF72B7224EB08BE00250360 /* Achievement.swift */; };
		BDF72B7724EB0A4700250360 /* AsyncOperation.swift in Sources */ = {isa = PBXBuildFile; fileRef = BDF72B7624EB0A4700250360 /* AsyncOperation.swift */; };
		BDF72B7924EB0A7100250360 /* AchievementsAsyncOperation.swift in Sources */ = {isa = PBXBuildFile; fileRef = BDF72B7824EB0A7100250360 /* AchievementsAsyncOperation.swift */; };
/* End PBXBuildFile section */

/* Begin PBXFileReference section */
		BD809EB024EB0D9D0024A964 /* LoadingViewController.swift */ = {isa = PBXFileReference; lastKnownFileType = sourcecode.swift; path = LoadingViewController.swift; sourceTree = "<group>"; };
		BD809EB424EB0DDA0024A964 /* UIColor+Extension.swift */ = {isa = PBXFileReference; lastKnownFileType = sourcecode.swift; path = "UIColor+Extension.swift"; sourceTree = "<group>"; };
		BD809EB624EB0E440024A964 /* UIFont+Extension.swift */ = {isa = PBXFileReference; lastKnownFileType = sourcecode.swift; path = "UIFont+Extension.swift"; sourceTree = "<group>"; };
		BD809EB824EB0ECF0024A964 /* UIViewController+Extension.swift */ = {isa = PBXFileReference; lastKnownFileType = sourcecode.swift; path = "UIViewController+Extension.swift"; sourceTree = "<group>"; };
		BD809EBB24EB17760024A964 /* AchievementCell.swift */ = {isa = PBXFileReference; lastKnownFileType = sourcecode.swift; path = AchievementCell.swift; sourceTree = "<group>"; };
		BD809EBD24EB1AA60024A964 /* AchievementHeader.swift */ = {isa = PBXFileReference; lastKnownFileType = sourcecode.swift; path = AchievementHeader.swift; sourceTree = "<group>"; };
		BD809EBF24EB2EDE0024A964 /* Int+Extension.swift */ = {isa = PBXFileReference; lastKnownFileType = sourcecode.swift; path = "Int+Extension.swift"; sourceTree = "<group>"; };
		BDF72B5424EB05BB00250360 /* RaceRoster_Test.app */ = {isa = PBXFileReference; explicitFileType = wrapper.application; includeInIndex = 0; path = RaceRoster_Test.app; sourceTree = BUILT_PRODUCTS_DIR; };
		BDF72B5724EB05BB00250360 /* AppDelegate.swift */ = {isa = PBXFileReference; lastKnownFileType = sourcecode.swift; path = AppDelegate.swift; sourceTree = "<group>"; };
		BDF72B5924EB05BB00250360 /* SceneDelegate.swift */ = {isa = PBXFileReference; lastKnownFileType = sourcecode.swift; path = SceneDelegate.swift; sourceTree = "<group>"; };
		BDF72B5B24EB05BB00250360 /* AchievementsViewController.swift */ = {isa = PBXFileReference; lastKnownFileType = sourcecode.swift; path = AchievementsViewController.swift; sourceTree = "<group>"; };
		BDF72B5E24EB05BB00250360 /* Base */ = {isa = PBXFileReference; lastKnownFileType = file.storyboard; name = Base; path = Base.lproj/Main.storyboard; sourceTree = "<group>"; };
		BDF72B6024EB05BC00250360 /* Assets.xcassets */ = {isa = PBXFileReference; lastKnownFileType = folder.assetcatalog; path = Assets.xcassets; sourceTree = "<group>"; };
		BDF72B6324EB05BC00250360 /* Base */ = {isa = PBXFileReference; lastKnownFileType = file.storyboard; name = Base; path = Base.lproj/LaunchScreen.storyboard; sourceTree = "<group>"; };
		BDF72B6524EB05BC00250360 /* Info.plist */ = {isa = PBXFileReference; lastKnownFileType = text.plist.xml; path = Info.plist; sourceTree = "<group>"; };
		BDF72B7024EB07B300250360 /* AchievementType.swift */ = {isa = PBXFileReference; lastKnownFileType = sourcecode.swift; path = AchievementType.swift; sourceTree = "<group>"; };
		BDF72B7224EB08BE00250360 /* Achievement.swift */ = {isa = PBXFileReference; lastKnownFileType = sourcecode.swift; path = Achievement.swift; sourceTree = "<group>"; };
		BDF72B7624EB0A4700250360 /* AsyncOperation.swift */ = {isa = PBXFileReference; lastKnownFileType = sourcecode.swift; path = AsyncOperation.swift; sourceTree = "<group>"; };
		BDF72B7824EB0A7100250360 /* AchievementsAsyncOperation.swift */ = {isa = PBXFileReference; lastKnownFileType = sourcecode.swift; path = AchievementsAsyncOperation.swift; sourceTree = "<group>"; };
/* End PBXFileReference section */

/* Begin PBXFrameworksBuildPhase section */
		BDF72B5124EB05BB00250360 /* Frameworks */ = {
			isa = PBXFrameworksBuildPhase;
			buildActionMask = 2147483647;
			files = (
			);
			runOnlyForDeploymentPostprocessing = 0;
		};
/* End PBXFrameworksBuildPhase section */

/* Begin PBXGroup section */
		BD809EAF24EB0D850024A964 /* Custom Views */ = {
			isa = PBXGroup;
			children = (
				BD809EB024EB0D9D0024A964 /* LoadingViewController.swift */,
			);
			path = "Custom Views";
			sourceTree = "<group>";
		};
		BD809EB324EB0DC90024A964 /* Extensions */ = {
			isa = PBXGroup;
			children = (
				BD809EB424EB0DDA0024A964 /* UIColor+Extension.swift */,
				BD809EB624EB0E440024A964 /* UIFont+Extension.swift */,
				BD809EB824EB0ECF0024A964 /* UIViewController+Extension.swift */,
				BD809EBF24EB2EDE0024A964 /* Int+Extension.swift */,
			);
			path = Extensions;
			sourceTree = "<group>";
		};
		BD809EBA24EB17650024A964 /* Cells */ = {
			isa = PBXGroup;
			children = (
				BD809EBB24EB17760024A964 /* AchievementCell.swift */,
				BD809EBD24EB1AA60024A964 /* AchievementHeader.swift */,
			);
			path = Cells;
			sourceTree = "<group>";
		};
		BDF72B4B24EB05BB00250360 = {
			isa = PBXGroup;
			children = (
				BDF72B5624EB05BB00250360 /* RaceRoster_Test */,
				BDF72B5524EB05BB00250360 /* Products */,
			);
			sourceTree = "<group>";
		};
		BDF72B5524EB05BB00250360 /* Products */ = {
			isa = PBXGroup;
			children = (
				BDF72B5424EB05BB00250360 /* RaceRoster_Test.app */,
			);
			name = Products;
			sourceTree = "<group>";
		};
		BDF72B5624EB05BB00250360 /* RaceRoster_Test */ = {
			isa = PBXGroup;
			children = (
				BDF72B6B24EB074D00250360 /* Core */,
				BDF72B6E24EB077000250360 /* Achievements */,
				BDF72B7524EB0A3600250360 /* Operation */,
				BD809EAF24EB0D850024A964 /* Custom Views */,
				BD809EB324EB0DC90024A964 /* Extensions */,
				BDF72B5D24EB05BB00250360 /* Main.storyboard */,
				BDF72B6024EB05BC00250360 /* Assets.xcassets */,
				BDF72B6224EB05BC00250360 /* LaunchScreen.storyboard */,
				BDF72B6524EB05BC00250360 /* Info.plist */,
			);
			path = RaceRoster_Test;
			sourceTree = "<group>";
		};
		BDF72B6B24EB074D00250360 /* Core */ = {
			isa = PBXGroup;
			children = (
				BDF72B5724EB05BB00250360 /* AppDelegate.swift */,
				BDF72B5924EB05BB00250360 /* SceneDelegate.swift */,
			);
			path = Core;
			sourceTree = "<group>";
		};
		BDF72B6C24EB075800250360 /* Controller */ = {
			isa = PBXGroup;
			children = (
				BDF72B5B24EB05BB00250360 /* AchievementsViewController.swift */,
			);
			path = Controller;
			sourceTree = "<group>";
		};
		BDF72B6E24EB077000250360 /* Achievements */ = {
			isa = PBXGroup;
			children = (
				BD809EBA24EB17650024A964 /* Cells */,
				BDF72B6F24EB077B00250360 /* Model */,
				BDF72B6C24EB075800250360 /* Controller */,
			);
			path = Achievements;
			sourceTree = "<group>";
		};
		BDF72B6F24EB077B00250360 /* Model */ = {
			isa = PBXGroup;
			children = (
				BDF72B7024EB07B300250360 /* AchievementType.swift */,
				BDF72B7224EB08BE00250360 /* Achievement.swift */,
			);
			path = Model;
			sourceTree = "<group>";
		};
		BDF72B7524EB0A3600250360 /* Operation */ = {
			isa = PBXGroup;
			children = (
				BDF72B7624EB0A4700250360 /* AsyncOperation.swift */,
				BDF72B7824EB0A7100250360 /* AchievementsAsyncOperation.swift */,
			);
			path = Operation;
			sourceTree = "<group>";
		};
/* End PBXGroup section */

/* Begin PBXNativeTarget section */
		BDF72B5324EB05BB00250360 /* RaceRoster_Test */ = {
			isa = PBXNativeTarget;
			buildConfigurationList = BDF72B6824EB05BC00250360 /* Build configuration list for PBXNativeTarget "RaceRoster_Test" */;
			buildPhases = (
				BDF72B5024EB05BB00250360 /* Sources */,
				BDF72B5124EB05BB00250360 /* Frameworks */,
				BDF72B5224EB05BB00250360 /* Resources */,
			);
			buildRules = (
			);
			dependencies = (
			);
			name = RaceRoster_Test;
			productName = RaceRoster_Test;
			productReference = BDF72B5424EB05BB00250360 /* RaceRoster_Test.app */;
			productType = "com.apple.product-type.application";
		};
/* End PBXNativeTarget section */

/* Begin PBXProject section */
		BDF72B4C24EB05BB00250360 /* Project object */ = {
			isa = PBXProject;
			attributes = {
				LastSwiftUpdateCheck = 1160;
				LastUpgradeCheck = 1160;
				ORGANIZATIONNAME = "Viswa Kodela";
				TargetAttributes = {
					BDF72B5324EB05BB00250360 = {
						CreatedOnToolsVersion = 11.6;
					};
				};
			};
			buildConfigurationList = BDF72B4F24EB05BB00250360 /* Build configuration list for PBXProject "RaceRoster_Test" */;
			compatibilityVersion = "Xcode 9.3";
			developmentRegion = en;
			hasScannedForEncodings = 0;
			knownRegions = (
				en,
				Base,
			);
			mainGroup = BDF72B4B24EB05BB00250360;
			productRefGroup = BDF72B5524EB05BB00250360 /* Products */;
			projectDirPath = "";
			projectRoot = "";
			targets = (
				BDF72B5324EB05BB00250360 /* RaceRoster_Test */,
			);
		};
/* End PBXProject section */

/* Begin PBXResourcesBuildPhase section */
		BDF72B5224EB05BB00250360 /* Resources */ = {
			isa = PBXResourcesBuildPhase;
			buildActionMask = 2147483647;
			files = (
				BDF72B6424EB05BC00250360 /* LaunchScreen.storyboard in Resources */,
				BDF72B6124EB05BC00250360 /* Assets.xcassets in Resources */,
				BDF72B5F24EB05BB00250360 /* Main.storyboard in Resources */,
			);
			runOnlyForDeploymentPostprocessing = 0;
		};
/* End PBXResourcesBuildPhase section */

/* Begin PBXSourcesBuildPhase section */
		BDF72B5024EB05BB00250360 /* Sources */ = {
			isa = PBXSourcesBuildPhase;
			buildActionMask = 2147483647;
			files = (
				BDF72B5C24EB05BB00250360 /* AchievementsViewController.swift in Sources */,
				BD809EBC24EB17760024A964 /* AchievementCell.swift in Sources */,
				BD809EB924EB0ECF0024A964 /* UIViewController+Extension.swift in Sources */,
				BD809EC024EB2EDE0024A964 /* Int+Extension.swift in Sources */,
				BDF72B5824EB05BB00250360 /* AppDelegate.swift in Sources */,
				BD809EBE24EB1AA60024A964 /* AchievementHeader.swift in Sources */,
				BDF72B5A24EB05BB00250360 /* SceneDelegate.swift in Sources */,
				BD809EB524EB0DDA0024A964 /* UIColor+Extension.swift in Sources */,
				BD809EB124EB0D9D0024A964 /* LoadingViewController.swift in Sources */,
				BDF72B7124EB07B300250360 /* AchievementType.swift in Sources */,
				BDF72B7724EB0A4700250360 /* AsyncOperation.swift in Sources */,
				BDF72B7924EB0A7100250360 /* AchievementsAsyncOperation.swift in Sources */,
				BD809EB724EB0E440024A964 /* UIFont+Extension.swift in Sources */,
				BDF72B7324EB08BE00250360 /* Achievement.swift in Sources */,
			);
			runOnlyForDeploymentPostprocessing = 0;
		};
/* End PBXSourcesBuildPhase section */

/* Begin PBXVariantGroup section */
		BDF72B5D24EB05BB00250360 /* Main.storyboard */ = {
			isa = PBXVariantGroup;
			children = (
				BDF72B5E24EB05BB00250360 /* Base */,
			);
			name = Main.storyboard;
			sourceTree = "<group>";
		};
		BDF72B6224EB05BC00250360 /* LaunchScreen.storyboard */ = {
			isa = PBXVariantGroup;
			children = (
				BDF72B6324EB05BC00250360 /* Base */,
			);
			name = LaunchScreen.storyboard;
			sourceTree = "<group>";
		};
/* End PBXVariantGroup section */

/* Begin XCBuildConfiguration section */
		BDF72B6624EB05BC00250360 /* Debug */ = {
			isa = XCBuildConfiguration;
			buildSettings = {
				ALWAYS_SEARCH_USER_PATHS = NO;
				CLANG_ANALYZER_NONNULL = YES;
				CLANG_ANALYZER_NUMBER_OBJECT_CONVERSION = YES_AGGRESSIVE;
				CLANG_CXX_LANGUAGE_STANDARD = "gnu++14";
				CLANG_CXX_LIBRARY = "libc++";
				CLANG_ENABLE_MODULES = YES;
				CLANG_ENABLE_OBJC_ARC = YES;
				CLANG_ENABLE_OBJC_WEAK = YES;
				CLANG_WARN_BLOCK_CAPTURE_AUTORELEASING = YES;
				CLANG_WARN_BOOL_CONVERSION = YES;
				CLANG_WARN_COMMA = YES;
				CLANG_WARN_CONSTANT_CONVERSION = YES;
				CLANG_WARN_DEPRECATED_OBJC_IMPLEMENTATIONS = YES;
				CLANG_WARN_DIRECT_OBJC_ISA_USAGE = YES_ERROR;
				CLANG_WARN_DOCUMENTATION_COMMENTS = YES;
				CLANG_WARN_EMPTY_BODY = YES;
				CLANG_WARN_ENUM_CONVERSION = YES;
				CLANG_WARN_INFINITE_RECURSION = YES;
				CLANG_WARN_INT_CONVERSION = YES;
				CLANG_WARN_NON_LITERAL_NULL_CONVERSION = YES;
				CLANG_WARN_OBJC_IMPLICIT_RETAIN_SELF = YES;
				CLANG_WARN_OBJC_LITERAL_CONVERSION = YES;
				CLANG_WARN_OBJC_ROOT_CLASS = YES_ERROR;
				CLANG_WARN_RANGE_LOOP_ANALYSIS = YES;
				CLANG_WARN_STRICT_PROTOTYPES = YES;
				CLANG_WARN_SUSPICIOUS_MOVE = YES;
				CLANG_WARN_UNGUARDED_AVAILABILITY = YES_AGGRESSIVE;
				CLANG_WARN_UNREACHABLE_CODE = YES;
				CLANG_WARN__DUPLICATE_METHOD_MATCH = YES;
				COPY_PHASE_STRIP = NO;
				DEBUG_INFORMATION_FORMAT = dwarf;
				ENABLE_STRICT_OBJC_MSGSEND = YES;
				ENABLE_TESTABILITY = YES;
				GCC_C_LANGUAGE_STANDARD = gnu11;
				GCC_DYNAMIC_NO_PIC = NO;
				GCC_NO_COMMON_BLOCKS = YES;
				GCC_OPTIMIZATION_LEVEL = 0;
				GCC_PREPROCESSOR_DEFINITIONS = (
					"DEBUG=1",
					"$(inherited)",
				);
				GCC_WARN_64_TO_32_BIT_CONVERSION = YES;
				GCC_WARN_ABOUT_RETURN_TYPE = YES_ERROR;
				GCC_WARN_UNDECLARED_SELECTOR = YES;
				GCC_WARN_UNINITIALIZED_AUTOS = YES_AGGRESSIVE;
				GCC_WARN_UNUSED_FUNCTION = YES;
				GCC_WARN_UNUSED_VARIABLE = YES;
				IPHONEOS_DEPLOYMENT_TARGET = 13.6;
				MTL_ENABLE_DEBUG_INFO = INCLUDE_SOURCE;
				MTL_FAST_MATH = YES;
				ONLY_ACTIVE_ARCH = YES;
				SDKROOT = iphoneos;
				SWIFT_ACTIVE_COMPILATION_CONDITIONS = DEBUG;
				SWIFT_OPTIMIZATION_LEVEL = "-Onone";
			};
			name = Debug;
		};
		BDF72B6724EB05BC00250360 /* Release */ = {
			isa = XCBuildConfiguration;
			buildSettings = {
				ALWAYS_SEARCH_USER_PATHS = NO;
				CLANG_ANALYZER_NONNULL = YES;
				CLANG_ANALYZER_NUMBER_OBJECT_CONVERSION = YES_AGGRESSIVE;
				CLANG_CXX_LANGUAGE_STANDARD = "gnu++14";
				CLANG_CXX_LIBRARY = "libc++";
				CLANG_ENABLE_MODULES = YES;
				CLANG_ENABLE_OBJC_ARC = YES;
				CLANG_ENABLE_OBJC_WEAK = YES;
				CLANG_WARN_BLOCK_CAPTURE_AUTORELEASING = YES;
				CLANG_WARN_BOOL_CONVERSION = YES;
				CLANG_WARN_COMMA = YES;
				CLANG_WARN_CONSTANT_CONVERSION = YES;
				CLANG_WARN_DEPRECATED_OBJC_IMPLEMENTATIONS = YES;
				CLANG_WARN_DIRECT_OBJC_ISA_USAGE = YES_ERROR;
				CLANG_WARN_DOCUMENTATION_COMMENTS = YES;
				CLANG_WARN_EMPTY_BODY = YES;
				CLANG_WARN_ENUM_CONVERSION = YES;
				CLANG_WARN_INFINITE_RECURSION = YES;
				CLANG_WARN_INT_CONVERSION = YES;
				CLANG_WARN_NON_LITERAL_NULL_CONVERSION = YES;
				CLANG_WARN_OBJC_IMPLICIT_RETAIN_SELF = YES;
				CLANG_WARN_OBJC_LITERAL_CONVERSION = YES;
				CLANG_WARN_OBJC_ROOT_CLASS = YES_ERROR;
				CLANG_WARN_RANGE_LOOP_ANALYSIS = YES;
				CLANG_WARN_STRICT_PROTOTYPES = YES;
				CLANG_WARN_SUSPICIOUS_MOVE = YES;
				CLANG_WARN_UNGUARDED_AVAILABILITY = YES_AGGRESSIVE;
				CLANG_WARN_UNREACHABLE_CODE = YES;
				CLANG_WARN__DUPLICATE_METHOD_MATCH = YES;
				COPY_PHASE_STRIP = NO;
				DEBUG_INFORMATION_FORMAT = "dwarf-with-dsym";
				ENABLE_NS_ASSERTIONS = NO;
				ENABLE_STRICT_OBJC_MSGSEND = YES;
				GCC_C_LANGUAGE_STANDARD = gnu11;
				GCC_NO_COMMON_BLOCKS = YES;
				GCC_WARN_64_TO_32_BIT_CONVERSION = YES;
				GCC_WARN_ABOUT_RETURN_TYPE = YES_ERROR;
				GCC_WARN_UNDECLARED_SELECTOR = YES;
				GCC_WARN_UNINITIALIZED_AUTOS = YES_AGGRESSIVE;
				GCC_WARN_UNUSED_FUNCTION = YES;
				GCC_WARN_UNUSED_VARIABLE = YES;
				IPHONEOS_DEPLOYMENT_TARGET = 13.6;
				MTL_ENABLE_DEBUG_INFO = NO;
				MTL_FAST_MATH = YES;
				SDKROOT = iphoneos;
				SWIFT_COMPILATION_MODE = wholemodule;
				SWIFT_OPTIMIZATION_LEVEL = "-O";
				VALIDATE_PRODUCT = YES;
			};
			name = Release;
		};
		BDF72B6924EB05BC00250360 /* Debug */ = {
			isa = XCBuildConfiguration;
			buildSettings = {
				ASSETCATALOG_COMPILER_APPICON_NAME = AppIcon;
				CODE_SIGN_STYLE = Automatic;
				DEVELOPMENT_TEAM = SFNG7GVEK8;
				INFOPLIST_FILE = RaceRoster_Test/Info.plist;
				LD_RUNPATH_SEARCH_PATHS = (
					"$(inherited)",
					"@executable_path/Frameworks",
				);
				PRODUCT_BUNDLE_IDENTIFIER = "com.viswakodela.ca.RaceRoster-Test";
				PRODUCT_NAME = "$(TARGET_NAME)";
				SWIFT_VERSION = 5.0;
				TARGETED_DEVICE_FAMILY = "1,2";
			};
			name = Debug;
		};
		BDF72B6A24EB05BC00250360 /* Release */ = {
			isa = XCBuildConfiguration;
			buildSettings = {
				ASSETCATALOG_COMPILER_APPICON_NAME = AppIcon;
				CODE_SIGN_STYLE = Automatic;
				DEVELOPMENT_TEAM = SFNG7GVEK8;
				INFOPLIST_FILE = RaceRoster_Test/Info.plist;
				LD_RUNPATH_SEARCH_PATHS = (
					"$(inherited)",
					"@executable_path/Frameworks",
				);
				PRODUCT_BUNDLE_IDENTIFIER = "com.viswakodela.ca.RaceRoster-Test";
				PRODUCT_NAME = "$(TARGET_NAME)";
				SWIFT_VERSION = 5.0;
				TARGETED_DEVICE_FAMILY = "1,2";
			};
			name = Release;
		};
/* End XCBuildConfiguration section */

/* Begin XCConfigurationList section */
		BDF72B4F24EB05BB00250360 /* Build configuration list for PBXProject "RaceRoster_Test" */ = {
			isa = XCConfigurationList;
			buildConfigurations = (
				BDF72B6624EB05BC00250360 /* Debug */,
				BDF72B6724EB05BC00250360 /* Release */,
			);
			defaultConfigurationIsVisible = 0;
			defaultConfigurationName = Release;
		};
		BDF72B6824EB05BC00250360 /* Build configuration list for PBXNativeTarget "RaceRoster_Test" */ = {
			isa = XCConfigurationList;
			buildConfigurations = (
				BDF72B6924EB05BC00250360 /* Debug */,
				BDF72B6A24EB05BC00250360 /* Release */,
			);
			defaultConfigurationIsVisible = 0;
			defaultConfigurationName = Release;
		};
/* End XCConfigurationList section */
	};
	rootObject = BDF72B4C24EB05BB00250360 /* Project object */;
}
